
Microsoft Visual Studio Solution File, Format Version 12.00
# Visual Studio 15
VisualStudioVersion = 15.0.27130.2027
MinimumVisualStudioVersion = 10.0.40219.1
Project("{FAE04EC0-301F-11D3-BF4B-00C04F79EFBC}") = "Hearn.Poker", "Hearn.Poker\Hearn.Poker.csproj", "{C9329729-94E7-4F15-A432-BFF7F88BC5F2}"
EndProject
Project("{FAE04EC0-301F-11D3-BF4B-00C04F79EFBC}") = "Hearn.Poker.TestConsole", "Hearn.Poker.TestConsole\Hearn.Poker.TestConsole.csproj", "{5030C927-E3BC-4961-ADDA-2D4C8001539A}"
EndProject
Project("{FAE04EC0-301F-11D3-BF4B-00C04F79EFBC}") = "Hearn.Poker.UnitTests", "Hearn.Poker.UnitTests\Hearn.Poker.UnitTests.csproj", "{5BE0A3B5-7008-40A4-9FD4-73770FACC69C}"
EndProject
Global
	GlobalSection(SolutionConfigurationPlatforms) = preSolution
		Debug|Any CPU = Debug|Any CPU
		Release|Any CPU = Release|Any CPU
	EndGlobalSection
	GlobalSection(ProjectConfigurationPlatforms) = postSolution
		{C9329729-94E7-4F15-A432-BFF7F88BC5F2}.Debug|Any CPU.ActiveCfg = Debug|Any CPU
		{C9329729-94E7-4F15-A432-BFF7F88BC5F2}.Debug|Any CPU.Build.0 = Debug|Any CPU
		{C9329729-94E7-4F15-A432-BFF7F88BC5F2}.Release|Any CPU.ActiveCfg = Release|Any CPU
		{C9329729-94E7-4F15-A432-BFF7F88BC5F2}.Release|Any CPU.Build.0 = Release|Any CPU
		{5030C927-E3BC-4961-ADDA-2D4C8001539A}.Debug|Any CPU.ActiveCfg = Debug|Any CPU
		{5030C927-E3BC-4961-ADDA-2D4C8001539A}.Debug|Any CPU.Build.0 = Debug|Any CPU
		{5030C927-E3BC-4961-ADDA-2D4C8001539A}.Release|Any CPU.ActiveCfg = Release|Any CPU
		{5030C927-E3BC-4961-ADDA-2D4C8001539A}.Release|Any CPU.Build.0 = Release|Any CPU
		{5BE0A3B5-7008-40A4-9FD4-73770FACC69C}.Debug|Any CPU.ActiveCfg = Debug|Any CPU
		{5BE0A3B5-7008-40A4-9FD4-73770FACC69C}.Debug|Any CPU.Build.0 = Debug|Any CPU
		{5BE0A3B5-7008-40A4-9FD4-73770FACC69C}.Release|Any CPU.ActiveCfg = Release|Any CPU
		{5BE0A3B5-7008-40A4-9FD4-73770FACC69C}.Release|Any CPU.Build.0 = Release|Any CPU
	EndGlobalSection
	GlobalSection(SolutionProperties) = preSolution
		HideSolutionNode = FALSE
	EndGlobalSection
	GlobalSection(ExtensibilityGlobals) = postSolution
		SolutionGuid = {F9757340-8EDC-409D-A393-92D089EC1356}
	EndGlobalSection
EndGlobal
